dependencies:
- name: portal-catalog
  version: 0.2.2
- name: dc-main
  version: 0.2.2
- name: catalog-api-charts
  version: 0.1.134
- name: wdp-connect-connection-chart
  version: 1.0.911
- name: wdp-connect-connector-chart
  version: 1.0.911
- name: wkc-auth-proxy-service
  version: 0.2.2
digest: sha256:177ef7c748fd171f097538434e88b2bd62785717dd0077c820345c22b92fe8d4
generated: 2019-03-29T12:02:07.524369531Z
