dependencies:
- name: jenkins
  repository: https://kubernetes-charts.storage.googleapis.com
  version: 0.12.1
- name: ibm-sch
  repository: http://icpbuild.rtp.raleigh.ibm.com:31532/IBMPrivateCloud/ibm-sch-chart/master/stable/
  version: 1.2.0
digest: sha256:967c850df4b3bb4a69c329f772bf87b16b22d92ec4717405cba77fff394e050c
generated: 2018-05-04T13:21:53.613349+01:00
