dependencies:
- name: jenkins
  repository: https://kubernetes-charts.storage.googleapis.com
  version: 0.16.3
- name: ibm-sch
  repository: http://icpbuild.rtp.raleigh.ibm.com:31532/IBMPrivateCloud/ibm-sch-chart/master/stable/
  version: 1.2.0
digest: sha256:d88a0bb79504c25956ed0a47136b8aa0f59bab35a447500584ab11181d08a6f9
generated: 2018-07-13T10:36:23.612707319-04:00
