dependencies:
- name: kafka
  repository: https://noiea@uk.ibm.com:AKCp5Z3WWBPSZy97kds2XfrSczgG8721JMYpqRVw9x6hpARzhRxUzUc9ZZPj3BepQQCe176C7@na.artifactory.swg-devops.com/artifactory/hyc-hdm-staging-generic-local/kafka
  version: 0.1.0-201806121726-b30f8c0
- name: zookeeper
  repository: https://noiea@uk.ibm.com:AKCp5Z3WWBPSZy97kds2XfrSczgG8721JMYpqRVw9x6hpARzhRxUzUc9ZZPj3BepQQCe176C7@na.artifactory.swg-devops.com/artifactory/hyc-hdm-staging-generic-local/zookeeper
  version: 0.1.0-201806131958-3f895db
- name: cassandra
  repository: https://noiea@uk.ibm.com:AKCp5Z3WWBPSZy97kds2XfrSczgG8721JMYpqRVw9x6hpARzhRxUzUc9ZZPj3BepQQCe176C7@na.artifactory.swg-devops.com/artifactory/hyc-hdm-staging-generic-local/incubator/cassandra
  version: 0.0.1-201806121636-d986452
- name: ibm-sch
  repository: http://icpbuild.rtp.raleigh.ibm.com:31532/IBMPrivateCloud/ibm-sch-chart/master/stable/
  version: 1.2.1
digest: sha256:8252ebcb34f936b9721411e4b0ec6dfd378db093e3a3a66792fc12a012c425d4
generated: 2018-06-21T22:03:18.136453582Z
