dependencies:
- name: portal-main
  version: 0.2.2
- name: ngp-projects-api
  version: 0.2.2
- name: portal-common-api
  version: 0.2.2
- name: portal-notifications
  version: 0.2.2
- name: asset-files-api
  version: 0.2.2
- name: wdp-shaper-chart
  version: 1.0.659
- name: wdp-dataprep-chart
  version: 1.0.493
- name: shaper-runtime
  version: 0.2.2
digest: sha256:cbdcca5d059d0a4b036cdd1ce8b89345dbfd3c1086ad071f3675ead53249c62a
generated: 2019-04-03T12:44:41.502878818Z
